
Microsoft Visual Studio Solution File, Format Version 12.00
# Visual Studio 15
VisualStudioVersion = 15.0.27703.2035
MinimumVisualStudioVersion = 10.0.40219.1
Project("{9A19103F-16F7-4668-BE54-9A1E7A4F7556}") = "WebBlogs.Core", "WebBlogs.Core\WebBlogs.Core.csproj", "{15763754-3A7E-457C-8C68-892BB7DCCA57}"
EndProject
Project("{FAE04EC0-301F-11D3-BF4B-00C04F79EFBC}") = "WebBlogs.Web", "WebBlogs.Web\WebBlogs.Web.csproj", "{B075A382-2EC6-41F1-B998-91E087C1635B}"
EndProject
Global
	GlobalSection(SolutionConfigurationPlatforms) = preSolution
		Debug|Any CPU = Debug|Any CPU
		Release|Any CPU = Release|Any CPU
	EndGlobalSection
	GlobalSection(ProjectConfigurationPlatforms) = postSolution
		{15763754-3A7E-457C-8C68-892BB7DCCA57}.Debug|Any CPU.ActiveCfg = Debug|Any CPU
		{15763754-3A7E-457C-8C68-892BB7DCCA57}.Debug|Any CPU.Build.0 = Debug|Any CPU
		{15763754-3A7E-457C-8C68-892BB7DCCA57}.Release|Any CPU.ActiveCfg = Release|Any CPU
		{15763754-3A7E-457C-8C68-892BB7DCCA57}.Release|Any CPU.Build.0 = Release|Any CPU
		{B075A382-2EC6-41F1-B998-91E087C1635B}.Debug|Any CPU.ActiveCfg = Debug|Any CPU
		{B075A382-2EC6-41F1-B998-91E087C1635B}.Debug|Any CPU.Build.0 = Debug|Any CPU
		{B075A382-2EC6-41F1-B998-91E087C1635B}.Release|Any CPU.ActiveCfg = Release|Any CPU
		{B075A382-2EC6-41F1-B998-91E087C1635B}.Release|Any CPU.Build.0 = Release|Any CPU
	EndGlobalSection
	GlobalSection(SolutionProperties) = preSolution
		HideSolutionNode = FALSE
	EndGlobalSection
	GlobalSection(ExtensibilityGlobals) = postSolution
		SolutionGuid = {1585EDB6-D979-490D-9C71-2617AB46C860}
	EndGlobalSection
EndGlobal
